{
    "version": 3,
    "terraform_version": "0.11.14",
    "serial": 3,
    "lineage": "8262dd94-0293-2869-d162-d01df57e4a16",
    "modules": [
        {
            "path": [
                "root"
            ],
            "outputs": {},
            "resources": {
                "aws_instance.ec2_instance": {
                    "type": "aws_instance",
                    "depends_on": [
                        "aws_key_pair.mytest-key",
                        "aws_security_group.examplesg"
                    ],
                    "primary": {
                        "id": "i-08a96fe5fb941197a",
                        "attributes": {
                            "ami": "ami-01ed306a12b7d1c96",
                            "arn": "arn:aws:ec2:us-west-2:137959540993:instance/i-08a96fe5fb941197a",
                            "associate_public_ip_address": "true",
                            "availability_zone": "us-west-2c",
                            "cpu_core_count": "1",
                            "cpu_threads_per_core": "1",
                            "credit_specification.#": "1",
                            "credit_specification.0.cpu_credits": "standard",
                            "disable_api_termination": "false",
                            "ebs_block_device.#": "0",
                            "ebs_optimized": "false",
                            "ephemeral_block_device.#": "0",
                            "get_password_data": "false",
                            "hibernation": "false",
                            "iam_instance_profile": "",
                            "id": "i-08a96fe5fb941197a",
                            "instance_state": "running",
                            "instance_type": "t2.micro",
                            "ipv6_address_count": "0",
                            "ipv6_addresses.#": "0",
                            "key_name": "terraform-21days",
                            "metadata_options.#": "1",
                            "metadata_options.0.http_endpoint": "enabled",
                            "metadata_options.0.http_put_response_hop_limit": "1",
                            "metadata_options.0.http_tokens": "optional",
                            "monitoring": "false",
                            "network_interface.#": "0",
                            "outpost_arn": "",
                            "password_data": "",
                            "placement_group": "",
                            "primary_network_interface_id": "eni-039c406f537dbddab",
                            "private_dns": "ip-172-31-13-34.us-west-2.compute.internal",
                            "private_ip": "172.31.13.34",
                            "public_dns": "ec2-18-237-9-177.us-west-2.compute.amazonaws.com",
                            "public_ip": "18.237.9.177",
                            "root_block_device.#": "1",
                            "root_block_device.0.delete_on_termination": "false",
                            "root_block_device.0.device_name": "/dev/sda1",
                            "root_block_device.0.encrypted": "false",
                            "root_block_device.0.iops": "100",
                            "root_block_device.0.kms_key_id": "",
                            "root_block_device.0.volume_id": "vol-006a9e29c84a6b50e",
                            "root_block_device.0.volume_size": "8",
                            "root_block_device.0.volume_type": "gp2",
                            "security_groups.#": "1",
                            "security_groups.348211241": "allow_tls",
                            "source_dest_check": "true",
                            "subnet_id": "subnet-002c2347eebf64488",
                            "tags.%": "1",
                            "tags.Name": "test-terrafrom",
                            "tenancy": "default",
                            "volume_tags.%": "0",
                            "vpc_security_group_ids.#": "1",
                            "vpc_security_group_ids.3130660205": "sg-04a312f781ec75cc4"
                        },
                        "meta": {
                            "e2bfb730-ecaa-11e6-8f88-34363bc7c4c0": {
                                "create": 600000000000,
                                "delete": 1200000000000,
                                "update": 600000000000
                            },
                            "schema_version": "1"
                        },
                        "tainted": false
                    },
                    "deposed": [],
                    "provider": "provider.aws"
                },
                "aws_key_pair.mytest-key": {
                    "type": "aws_key_pair",
                    "depends_on": [],
                    "primary": {
                        "id": "terraform-21days",
                        "attributes": {
                            "arn": "arn:aws:ec2:us-west-2:137959540993:key-pair/terraform-21days",
                            "fingerprint": "e9:fb:04:7e:06:8f:32:26:44:a3:c1:53:0f:12:eb:30",
                            "id": "terraform-21days",
                            "key_name": "terraform-21days",
                            "key_pair_id": "key-05c146485448fb8f2",
                            "public_key": "ssh-rsa AAAAB3NzaC1yc2EAAAADAQABAAABAQC8lcUEAoGvqHD9qaMn3M5/p3vWlAibH8oHU48KsQuFavqq7dvUHyEFo3JvSOtUIPaB3vwqvL0fjj6cJNf22xfjQhGHnFAB+THanXN2WFQlMnMwPAuxhLvVG8e2bQA/fSpSAC7oHHbbzCC3HawEDyCTixaLYZIUBwOh4NkrbySbjYot6+dzuhsM6qpXoTWsndnRHhhYOdPqiy2aah3STR+gh+OzjELLW+7sqwrFRYhyCRb3QM62xJ3NKmFL16el7FcOyabGPDUgJY+76jkXx9ffKuKHyBlXYtuxnZs7ew1um+PwlUnR8oEbphgdzgUsTH3hhg8faZxU48JM2sch4XHV davron1989@bastion-fuchicorp-com",
                            "tags.%": "0"
                        },
                        "meta": {
                            "schema_version": "1"
                        },
                        "tainted": false
                    },
                    "deposed": [],
                    "provider": "provider.aws"
                },
                "aws_security_group.examplesg": {
                    "type": "aws_security_group",
                    "depends_on": [],
                    "primary": {
                        "id": "sg-04a312f781ec75cc4",
                        "attributes": {
                            "arn": "arn:aws:ec2:us-west-2:137959540993:security-group/sg-04a312f781ec75cc4",
                            "description": "Allow TLS inbound traffic",
                            "egress.#": "1",
                            "egress.482069346.cidr_blocks.#": "1",
                            "egress.482069346.cidr_blocks.0": "0.0.0.0/0",
                            "egress.482069346.description": "",
                            "egress.482069346.from_port": "0",
                            "egress.482069346.ipv6_cidr_blocks.#": "0",
                            "egress.482069346.prefix_list_ids.#": "0",
                            "egress.482069346.protocol": "-1",
                            "egress.482069346.security_groups.#": "0",
                            "egress.482069346.self": "false",
                            "egress.482069346.to_port": "0",
                            "id": "sg-04a312f781ec75cc4",
                            "ingress.#": "1",
                            "ingress.2541437006.cidr_blocks.#": "1",
                            "ingress.2541437006.cidr_blocks.0": "0.0.0.0/0",
                            "ingress.2541437006.description": "",
                            "ingress.2541437006.from_port": "22",
                            "ingress.2541437006.ipv6_cidr_blocks.#": "0",
                            "ingress.2541437006.prefix_list_ids.#": "0",
                            "ingress.2541437006.protocol": "tcp",
                            "ingress.2541437006.security_groups.#": "0",
                            "ingress.2541437006.self": "false",
                            "ingress.2541437006.to_port": "22",
                            "name": "allow_tls",
                            "owner_id": "137959540993",
                            "revoke_rules_on_delete": "false",
                            "tags.%": "0",
                            "vpc_id": "vpc-0b9fda3edfb86443d"
                        },
                        "meta": {
                            "e2bfb730-ecaa-11e6-8f88-34363bc7c4c0": {
                                "create": 600000000000,
                                "delete": 600000000000
                            },
                            "schema_version": "1"
                        },
                        "tainted": false
                    },
                    "deposed": [],
                    "provider": "provider.aws"
                }
            },
            "depends_on": []
        }
    ]
}
