{
    "version": 3,
    "terraform_version": "0.11.14",
    "serial": 2,
    "lineage": "bf44cb8d-18ca-f2e1-0e17-1506157f2e10",
    "modules": [
        {
            "path": [
                "root"
            ],
            "outputs": {
                "vpc_id": {
                    "sensitive": false,
                    "type": "string",
                    "value": "vpc-00cf29cb5bf844b83"
                }
            },
            "resources": {
                "aws_default_route_table.private_route": {
                    "type": "aws_default_route_table",
                    "depends_on": [
                        "aws_vpc.main"
                    ],
                    "primary": {
                        "id": "rtb-06164111ed606737a",
                        "attributes": {
                            "default_route_table_id": "rtb-06164111ed606737a",
                            "id": "rtb-06164111ed606737a",
                            "owner_id": "137959540993",
                            "propagating_vgws.#": "0",
                            "route.#": "0",
                            "tags.%": "1",
                            "tags.Name": "my-private-route-table",
                            "vpc_id": "vpc-00cf29cb5bf844b83"
                        },
                        "meta": {},
                        "tainted": false
                    },
                    "deposed": [],
                    "provider": "provider.aws"
                },
                "aws_internet_gateway.gw": {
                    "type": "aws_internet_gateway",
                    "depends_on": [
                        "aws_vpc.main"
                    ],
                    "primary": {
                        "id": "igw-0b737a481f4c24981",
                        "attributes": {
                            "arn": "arn:aws:ec2:us-west-2:137959540993:internet-gateway/igw-0b737a481f4c24981",
                            "id": "igw-0b737a481f4c24981",
                            "owner_id": "137959540993",
                            "tags.%": "1",
                            "tags.Name": "test-igw",
                            "vpc_id": "vpc-00cf29cb5bf844b83"
                        },
                        "meta": {},
                        "tainted": false
                    },
                    "deposed": [],
                    "provider": "provider.aws"
                },
                "aws_route_table.public_route": {
                    "type": "aws_route_table",
                    "depends_on": [
                        "aws_internet_gateway.gw",
                        "aws_vpc.main"
                    ],
                    "primary": {
                        "id": "rtb-0837582d24a36fcab",
                        "attributes": {
                            "id": "rtb-0837582d24a36fcab",
                            "owner_id": "137959540993",
                            "propagating_vgws.#": "0",
                            "route.#": "1",
                            "route.846251706.cidr_block": "0.0.0.0/0",
                            "route.846251706.egress_only_gateway_id": "",
                            "route.846251706.gateway_id": "igw-0b737a481f4c24981",
                            "route.846251706.instance_id": "",
                            "route.846251706.ipv6_cidr_block": "",
                            "route.846251706.nat_gateway_id": "",
                            "route.846251706.network_interface_id": "",
                            "route.846251706.transit_gateway_id": "",
                            "route.846251706.vpc_peering_connection_id": "",
                            "tags.%": "1",
                            "tags.Name": "test-public-RT",
                            "vpc_id": "vpc-00cf29cb5bf844b83"
                        },
                        "meta": {},
                        "tainted": false
                    },
                    "deposed": [],
                    "provider": "provider.aws"
                },
                "aws_route_table_association.private_subnet_assoc.0": {
                    "type": "aws_route_table_association",
                    "depends_on": [
                        "aws_default_route_table.private_route",
                        "aws_subnet.private_subnet",
                        "aws_subnet.private_subnet.*"
                    ],
                    "primary": {
                        "id": "rtbassoc-02e6ff1ccdff41180",
                        "attributes": {
                            "id": "rtbassoc-02e6ff1ccdff41180",
                            "route_table_id": "rtb-06164111ed606737a",
                            "subnet_id": "subnet-0d03e0234bd84f610"
                        },
                        "meta": {},
                        "tainted": false
                    },
                    "deposed": [],
                    "provider": "provider.aws"
                },
                "aws_route_table_association.private_subnet_assoc.1": {
                    "type": "aws_route_table_association",
                    "depends_on": [
                        "aws_default_route_table.private_route",
                        "aws_subnet.private_subnet",
                        "aws_subnet.private_subnet.*"
                    ],
                    "primary": {
                        "id": "rtbassoc-00b01d764732fb85e",
                        "attributes": {
                            "id": "rtbassoc-00b01d764732fb85e",
                            "route_table_id": "rtb-06164111ed606737a",
                            "subnet_id": "subnet-0d4c96bfba784ee2c"
                        },
                        "meta": {},
                        "tainted": false
                    },
                    "deposed": [],
                    "provider": "provider.aws"
                },
                "aws_route_table_association.public_subnet_assoc.0": {
                    "type": "aws_route_table_association",
                    "depends_on": [
                        "aws_route_table.public_route",
                        "aws_subnet.public_subnet",
                        "aws_subnet.public_subnet.*"
                    ],
                    "primary": {
                        "id": "rtbassoc-087c7a8eb991b4b7b",
                        "attributes": {
                            "id": "rtbassoc-087c7a8eb991b4b7b",
                            "route_table_id": "rtb-0837582d24a36fcab",
                            "subnet_id": "subnet-0814f844142aeccb4"
                        },
                        "meta": {},
                        "tainted": false
                    },
                    "deposed": [],
                    "provider": "provider.aws"
                },
                "aws_route_table_association.public_subnet_assoc.1": {
                    "type": "aws_route_table_association",
                    "depends_on": [
                        "aws_route_table.public_route",
                        "aws_subnet.public_subnet",
                        "aws_subnet.public_subnet.*"
                    ],
                    "primary": {
                        "id": "rtbassoc-0e6cd104b2a9dd50c",
                        "attributes": {
                            "id": "rtbassoc-0e6cd104b2a9dd50c",
                            "route_table_id": "rtb-0837582d24a36fcab",
                            "subnet_id": "subnet-00a9ea4403f71f10e"
                        },
                        "meta": {},
                        "tainted": false
                    },
                    "deposed": [],
                    "provider": "provider.aws"
                },
                "aws_security_group.test_sg": {
                    "type": "aws_security_group",
                    "depends_on": [
                        "aws_vpc.main"
                    ],
                    "primary": {
                        "id": "sg-09dd4ad645f57914d",
                        "attributes": {
                            "arn": "arn:aws:ec2:us-west-2:137959540993:security-group/sg-09dd4ad645f57914d",
                            "description": "Managed by Terraform",
                            "egress.#": "0",
                            "id": "sg-09dd4ad645f57914d",
                            "ingress.#": "0",
                            "name": "my-test-sg",
                            "owner_id": "137959540993",
                            "revoke_rules_on_delete": "false",
                            "tags.%": "0",
                            "vpc_id": "vpc-00cf29cb5bf844b83"
                        },
                        "meta": {
                            "e2bfb730-ecaa-11e6-8f88-34363bc7c4c0": {
                                "create": 600000000000,
                                "delete": 600000000000
                            },
                            "schema_version": "1"
                        },
                        "tainted": false
                    },
                    "deposed": [],
                    "provider": "provider.aws"
                },
                "aws_security_group_rule.http_inbound_access": {
                    "type": "aws_security_group_rule",
                    "depends_on": [
                        "aws_security_group.test_sg"
                    ],
                    "primary": {
                        "id": "sgrule-1324109293",
                        "attributes": {
                            "cidr_blocks.#": "1",
                            "cidr_blocks.0": "0.0.0.0/0",
                            "from_port": "80",
                            "id": "sgrule-1324109293",
                            "protocol": "tcp",
                            "security_group_id": "sg-09dd4ad645f57914d",
                            "self": "false",
                            "to_port": "80",
                            "type": "ingress"
                        },
                        "meta": {
                            "schema_version": "2"
                        },
                        "tainted": false
                    },
                    "deposed": [],
                    "provider": "provider.aws"
                },
                "aws_security_group_rule.ssh_inbound_access": {
                    "type": "aws_security_group_rule",
                    "depends_on": [
                        "aws_security_group.test_sg"
                    ],
                    "primary": {
                        "id": "sgrule-4167438424",
                        "attributes": {
                            "cidr_blocks.#": "1",
                            "cidr_blocks.0": "0.0.0.0/0",
                            "from_port": "22",
                            "id": "sgrule-4167438424",
                            "protocol": "tcp",
                            "security_group_id": "sg-09dd4ad645f57914d",
                            "self": "false",
                            "to_port": "22",
                            "type": "ingress"
                        },
                        "meta": {
                            "schema_version": "2"
                        },
                        "tainted": false
                    },
                    "deposed": [],
                    "provider": "provider.aws"
                },
                "aws_subnet.private_subnet.0": {
                    "type": "aws_subnet",
                    "depends_on": [
                        "aws_vpc.main",
                        "data.aws_availability_zones.available"
                    ],
                    "primary": {
                        "id": "subnet-0d03e0234bd84f610",
                        "attributes": {
                            "arn": "arn:aws:ec2:us-west-2:137959540993:subnet/subnet-0d03e0234bd84f610",
                            "assign_ipv6_address_on_creation": "false",
                            "availability_zone": "us-west-2a",
                            "availability_zone_id": "usw2-az2",
                            "cidr_block": "10.0.3.0/24",
                            "id": "subnet-0d03e0234bd84f610",
                            "ipv6_cidr_block": "",
                            "ipv6_cidr_block_association_id": "",
                            "map_public_ip_on_launch": "false",
                            "outpost_arn": "",
                            "owner_id": "137959540993",
                            "tags.%": "1",
                            "tags.Name": "my-test-private-subnet.1",
                            "vpc_id": "vpc-00cf29cb5bf844b83"
                        },
                        "meta": {
                            "e2bfb730-ecaa-11e6-8f88-34363bc7c4c0": {
                                "create": 600000000000,
                                "delete": 1200000000000
                            },
                            "schema_version": "1"
                        },
                        "tainted": false
                    },
                    "deposed": [],
                    "provider": "provider.aws"
                },
                "aws_subnet.private_subnet.1": {
                    "type": "aws_subnet",
                    "depends_on": [
                        "aws_vpc.main",
                        "data.aws_availability_zones.available"
                    ],
                    "primary": {
                        "id": "subnet-0d4c96bfba784ee2c",
                        "attributes": {
                            "arn": "arn:aws:ec2:us-west-2:137959540993:subnet/subnet-0d4c96bfba784ee2c",
                            "assign_ipv6_address_on_creation": "false",
                            "availability_zone": "us-west-2b",
                            "availability_zone_id": "usw2-az1",
                            "cidr_block": "10.0.4.0/24",
                            "id": "subnet-0d4c96bfba784ee2c",
                            "ipv6_cidr_block": "",
                            "ipv6_cidr_block_association_id": "",
                            "map_public_ip_on_launch": "false",
                            "outpost_arn": "",
                            "owner_id": "137959540993",
                            "tags.%": "1",
                            "tags.Name": "my-test-private-subnet.2",
                            "vpc_id": "vpc-00cf29cb5bf844b83"
                        },
                        "meta": {
                            "e2bfb730-ecaa-11e6-8f88-34363bc7c4c0": {
                                "create": 600000000000,
                                "delete": 1200000000000
                            },
                            "schema_version": "1"
                        },
                        "tainted": false
                    },
                    "deposed": [],
                    "provider": "provider.aws"
                },
                "aws_subnet.public_subnet.0": {
                    "type": "aws_subnet",
                    "depends_on": [
                        "aws_vpc.main",
                        "data.aws_availability_zones.available"
                    ],
                    "primary": {
                        "id": "subnet-0814f844142aeccb4",
                        "attributes": {
                            "arn": "arn:aws:ec2:us-west-2:137959540993:subnet/subnet-0814f844142aeccb4",
                            "assign_ipv6_address_on_creation": "false",
                            "availability_zone": "us-west-2a",
                            "availability_zone_id": "usw2-az2",
                            "cidr_block": "10.0.1.0/24",
                            "id": "subnet-0814f844142aeccb4",
                            "ipv6_cidr_block": "",
                            "ipv6_cidr_block_association_id": "",
                            "map_public_ip_on_launch": "true",
                            "outpost_arn": "",
                            "owner_id": "137959540993",
                            "tags.%": "1",
                            "tags.Name": "my-test-public-subnet.1",
                            "vpc_id": "vpc-00cf29cb5bf844b83"
                        },
                        "meta": {
                            "e2bfb730-ecaa-11e6-8f88-34363bc7c4c0": {
                                "create": 600000000000,
                                "delete": 1200000000000
                            },
                            "schema_version": "1"
                        },
                        "tainted": false
                    },
                    "deposed": [],
                    "provider": "provider.aws"
                },
                "aws_subnet.public_subnet.1": {
                    "type": "aws_subnet",
                    "depends_on": [
                        "aws_vpc.main",
                        "data.aws_availability_zones.available"
                    ],
                    "primary": {
                        "id": "subnet-00a9ea4403f71f10e",
                        "attributes": {
                            "arn": "arn:aws:ec2:us-west-2:137959540993:subnet/subnet-00a9ea4403f71f10e",
                            "assign_ipv6_address_on_creation": "false",
                            "availability_zone": "us-west-2b",
                            "availability_zone_id": "usw2-az1",
                            "cidr_block": "10.0.2.0/24",
                            "id": "subnet-00a9ea4403f71f10e",
                            "ipv6_cidr_block": "",
                            "ipv6_cidr_block_association_id": "",
                            "map_public_ip_on_launch": "true",
                            "outpost_arn": "",
                            "owner_id": "137959540993",
                            "tags.%": "1",
                            "tags.Name": "my-test-public-subnet.2",
                            "vpc_id": "vpc-00cf29cb5bf844b83"
                        },
                        "meta": {
                            "e2bfb730-ecaa-11e6-8f88-34363bc7c4c0": {
                                "create": 600000000000,
                                "delete": 1200000000000
                            },
                            "schema_version": "1"
                        },
                        "tainted": false
                    },
                    "deposed": [],
                    "provider": "provider.aws"
                },
                "aws_vpc.main": {
                    "type": "aws_vpc",
                    "depends_on": [],
                    "primary": {
                        "id": "vpc-00cf29cb5bf844b83",
                        "attributes": {
                            "arn": "arn:aws:ec2:us-west-2:137959540993:vpc/vpc-00cf29cb5bf844b83",
                            "assign_generated_ipv6_cidr_block": "false",
                            "cidr_block": "10.0.0.0/16",
                            "default_network_acl_id": "acl-0887a7a6e3367fb66",
                            "default_route_table_id": "rtb-06164111ed606737a",
                            "default_security_group_id": "sg-0bda93e1248e63152",
                            "dhcp_options_id": "dopt-707fe008",
                            "enable_classiclink": "false",
                            "enable_classiclink_dns_support": "false",
                            "enable_dns_hostnames": "true",
                            "enable_dns_support": "true",
                            "id": "vpc-00cf29cb5bf844b83",
                            "instance_tenancy": "default",
                            "ipv6_association_id": "",
                            "ipv6_cidr_block": "",
                            "main_route_table_id": "rtb-06164111ed606737a",
                            "owner_id": "137959540993",
                            "tags.%": "1",
                            "tags.Name": "test-VPC-terraform"
                        },
                        "meta": {
                            "schema_version": "1"
                        },
                        "tainted": false
                    },
                    "deposed": [],
                    "provider": "provider.aws"
                },
                "data.aws_availability_zones.available": {
                    "type": "aws_availability_zones",
                    "depends_on": [],
                    "primary": {
                        "id": "2020-10-24 02:03:20.391530012 +0000 UTC",
                        "attributes": {
                            "group_names.#": "1",
                            "group_names.528489283": "us-west-2",
                            "id": "2020-10-24 02:03:20.391530012 +0000 UTC",
                            "names.#": "4",
                            "names.0": "us-west-2a",
                            "names.1": "us-west-2b",
                            "names.2": "us-west-2c",
                            "names.3": "us-west-2d",
                            "zone_ids.#": "4",
                            "zone_ids.0": "usw2-az2",
                            "zone_ids.1": "usw2-az1",
                            "zone_ids.2": "usw2-az3",
                            "zone_ids.3": "usw2-az4"
                        },
                        "meta": {},
                        "tainted": false
                    },
                    "deposed": [],
                    "provider": "provider.aws"
                }
            },
            "depends_on": []
        }
    ]
}
