{
    "version": 3,
    "terraform_version": "0.11.14",
    "serial": 9,
    "lineage": "f2abe4d2-8af2-53f9-2d57-961257be4678",
    "modules": [
        {
            "path": [
                "root"
            ],
            "outputs": {},
            "resources": {},
            "depends_on": []
        },
        {
            "path": [
                "root",
                "alb"
            ],
            "outputs": {},
            "resources": {
                "aws_lb.my-aws-alb": {
                    "type": "aws_lb",
                    "depends_on": [
                        "aws_security_group.my-alb-sg"
                    ],
                    "primary": {
                        "id": "arn:aws:elasticloadbalancing:us-west-2:137959540993:loadbalancer/app/my-test-alb/621158942e9a0e67",
                        "attributes": {
                            "access_logs.#": "1",
                            "access_logs.0.bucket": "",
                            "access_logs.0.enabled": "false",
                            "access_logs.0.prefix": "",
                            "arn": "arn:aws:elasticloadbalancing:us-west-2:137959540993:loadbalancer/app/my-test-alb/621158942e9a0e67",
                            "arn_suffix": "app/my-test-alb/621158942e9a0e67",
                            "dns_name": "my-test-alb-1717411603.us-west-2.elb.amazonaws.com",
                            "drop_invalid_header_fields": "false",
                            "enable_deletion_protection": "false",
                            "enable_http2": "true",
                            "id": "arn:aws:elasticloadbalancing:us-west-2:137959540993:loadbalancer/app/my-test-alb/621158942e9a0e67",
                            "idle_timeout": "60",
                            "internal": "false",
                            "ip_address_type": "ipv4",
                            "load_balancer_type": "application",
                            "name": "my-test-alb",
                            "security_groups.#": "1",
                            "security_groups.2119698920": "sg-0aa288bbdde6c2dc2",
                            "subnet_mapping.#": "2",
                            "subnet_mapping.317688015.allocation_id": "",
                            "subnet_mapping.317688015.subnet_id": "subnet-01c0fb63d7bead1e4",
                            "subnet_mapping.835238299.allocation_id": "",
                            "subnet_mapping.835238299.subnet_id": "subnet-0dea9d3cf875f9bf7",
                            "subnets.#": "2",
                            "subnets.1460399954": "subnet-01c0fb63d7bead1e4",
                            "subnets.2841445541": "subnet-0dea9d3cf875f9bf7",
                            "tags.%": "1",
                            "tags.Name": "my-test-alb",
                            "vpc_id": "vpc-0e55b9514acbdeedf",
                            "zone_id": "Z1H1FL5HABSF5"
                        },
                        "meta": {
                            "e2bfb730-ecaa-11e6-8f88-34363bc7c4c0": {
                                "create": 600000000000,
                                "delete": 600000000000,
                                "update": 600000000000
                            }
                        },
                        "tainted": false
                    },
                    "deposed": [],
                    "provider": "module.alb.provider.aws"
                },
                "aws_lb_listener.my-test-alb-listner": {
                    "type": "aws_lb_listener",
                    "depends_on": [
                        "aws_lb.my-aws-alb",
                        "aws_lb_target_group.my-target-group"
                    ],
                    "primary": {
                        "id": "arn:aws:elasticloadbalancing:us-west-2:137959540993:listener/app/my-test-alb/621158942e9a0e67/c32eb8652946ecbc",
                        "attributes": {
                            "arn": "arn:aws:elasticloadbalancing:us-west-2:137959540993:listener/app/my-test-alb/621158942e9a0e67/c32eb8652946ecbc",
                            "default_action.#": "1",
                            "default_action.0.authenticate_cognito.#": "0",
                            "default_action.0.authenticate_oidc.#": "0",
                            "default_action.0.fixed_response.#": "0",
                            "default_action.0.forward.#": "0",
                            "default_action.0.order": "1",
                            "default_action.0.redirect.#": "0",
                            "default_action.0.target_group_arn": "arn:aws:elasticloadbalancing:us-west-2:137959540993:targetgroup/my-test-tg/1fe6cf55164d5888",
                            "default_action.0.type": "forward",
                            "id": "arn:aws:elasticloadbalancing:us-west-2:137959540993:listener/app/my-test-alb/621158942e9a0e67/c32eb8652946ecbc",
                            "load_balancer_arn": "arn:aws:elasticloadbalancing:us-west-2:137959540993:loadbalancer/app/my-test-alb/621158942e9a0e67",
                            "port": "80",
                            "protocol": "HTTP",
                            "ssl_policy": ""
                        },
                        "meta": {
                            "e2bfb730-ecaa-11e6-8f88-34363bc7c4c0": {
                                "read": 600000000000
                            }
                        },
                        "tainted": false
                    },
                    "deposed": [],
                    "provider": "module.alb.provider.aws"
                },
                "aws_lb_target_group.my-target-group": {
                    "type": "aws_lb_target_group",
                    "depends_on": [],
                    "primary": {
                        "id": "arn:aws:elasticloadbalancing:us-west-2:137959540993:targetgroup/my-test-tg/1fe6cf55164d5888",
                        "attributes": {
                            "arn": "arn:aws:elasticloadbalancing:us-west-2:137959540993:targetgroup/my-test-tg/1fe6cf55164d5888",
                            "arn_suffix": "targetgroup/my-test-tg/1fe6cf55164d5888",
                            "deregistration_delay": "300",
                            "health_check.#": "1",
                            "health_check.0.enabled": "true",
                            "health_check.0.healthy_threshold": "5",
                            "health_check.0.interval": "10",
                            "health_check.0.matcher": "200",
                            "health_check.0.path": "/",
                            "health_check.0.port": "traffic-port",
                            "health_check.0.protocol": "HTTP",
                            "health_check.0.timeout": "5",
                            "health_check.0.unhealthy_threshold": "2",
                            "id": "arn:aws:elasticloadbalancing:us-west-2:137959540993:targetgroup/my-test-tg/1fe6cf55164d5888",
                            "lambda_multi_value_headers_enabled": "false",
                            "load_balancing_algorithm_type": "round_robin",
                            "name": "my-test-tg",
                            "port": "80",
                            "protocol": "HTTP",
                            "proxy_protocol_v2": "false",
                            "slow_start": "0",
                            "stickiness.#": "1",
                            "stickiness.0.cookie_duration": "86400",
                            "stickiness.0.enabled": "false",
                            "stickiness.0.type": "lb_cookie",
                            "tags.%": "0",
                            "target_type": "instance",
                            "vpc_id": "vpc-0e55b9514acbdeedf"
                        },
                        "meta": {},
                        "tainted": false
                    },
                    "deposed": [],
                    "provider": "module.alb.provider.aws"
                },
                "aws_lb_target_group_attachment.my-alb-target-group-attachment1": {
                    "type": "aws_lb_target_group_attachment",
                    "depends_on": [
                        "aws_lb_target_group.my-target-group"
                    ],
                    "primary": {
                        "id": "arn:aws:elasticloadbalancing:us-west-2:137959540993:targetgroup/my-test-tg/1fe6cf55164d5888-20201025175259158500000002",
                        "attributes": {
                            "id": "arn:aws:elasticloadbalancing:us-west-2:137959540993:targetgroup/my-test-tg/1fe6cf55164d5888-20201025175259158500000002",
                            "port": "80",
                            "target_group_arn": "arn:aws:elasticloadbalancing:us-west-2:137959540993:targetgroup/my-test-tg/1fe6cf55164d5888",
                            "target_id": "i-0b008901c150918a1"
                        },
                        "meta": {},
                        "tainted": false
                    },
                    "deposed": [],
                    "provider": "module.alb.provider.aws"
                },
                "aws_lb_target_group_attachment.my-alb-target-group-attachment2": {
                    "type": "aws_lb_target_group_attachment",
                    "depends_on": [
                        "aws_lb_target_group.my-target-group"
                    ],
                    "primary": {
                        "id": "arn:aws:elasticloadbalancing:us-west-2:137959540993:targetgroup/my-test-tg/1fe6cf55164d5888-20201025175259097300000001",
                        "attributes": {
                            "id": "arn:aws:elasticloadbalancing:us-west-2:137959540993:targetgroup/my-test-tg/1fe6cf55164d5888-20201025175259097300000001",
                            "port": "80",
                            "target_group_arn": "arn:aws:elasticloadbalancing:us-west-2:137959540993:targetgroup/my-test-tg/1fe6cf55164d5888",
                            "target_id": "i-09b5996eb019c0bb7"
                        },
                        "meta": {},
                        "tainted": false
                    },
                    "deposed": [],
                    "provider": "module.alb.provider.aws"
                },
                "aws_security_group.my-alb-sg": {
                    "type": "aws_security_group",
                    "depends_on": [],
                    "primary": {
                        "id": "sg-0aa288bbdde6c2dc2",
                        "attributes": {
                            "arn": "arn:aws:ec2:us-west-2:137959540993:security-group/sg-0aa288bbdde6c2dc2",
                            "description": "Managed by Terraform",
                            "egress.#": "0",
                            "id": "sg-0aa288bbdde6c2dc2",
                            "ingress.#": "0",
                            "name": "my-alb-sg",
                            "owner_id": "137959540993",
                            "revoke_rules_on_delete": "false",
                            "tags.%": "0",
                            "vpc_id": "vpc-0e55b9514acbdeedf"
                        },
                        "meta": {
                            "e2bfb730-ecaa-11e6-8f88-34363bc7c4c0": {
                                "create": 600000000000,
                                "delete": 600000000000
                            },
                            "schema_version": "1"
                        },
                        "tainted": false
                    },
                    "deposed": [],
                    "provider": "module.alb.provider.aws"
                },
                "aws_security_group_rule.inbound_http": {
                    "type": "aws_security_group_rule",
                    "depends_on": [
                        "aws_security_group.my-alb-sg"
                    ],
                    "primary": {
                        "id": "sgrule-685622977",
                        "attributes": {
                            "cidr_blocks.#": "1",
                            "cidr_blocks.0": "0.0.0.0/0",
                            "from_port": "80",
                            "id": "sgrule-685622977",
                            "protocol": "tcp",
                            "security_group_id": "sg-0aa288bbdde6c2dc2",
                            "self": "false",
                            "to_port": "80",
                            "type": "ingress"
                        },
                        "meta": {
                            "schema_version": "2"
                        },
                        "tainted": false
                    },
                    "deposed": [],
                    "provider": "module.alb.provider.aws"
                },
                "aws_security_group_rule.outbound_all": {
                    "type": "aws_security_group_rule",
                    "depends_on": [
                        "aws_security_group.my-alb-sg"
                    ],
                    "primary": {
                        "id": "sgrule-1913771333",
                        "attributes": {
                            "cidr_blocks.#": "1",
                            "cidr_blocks.0": "0.0.0.0/0",
                            "from_port": "0",
                            "id": "sgrule-1913771333",
                            "protocol": "-1",
                            "security_group_id": "sg-0aa288bbdde6c2dc2",
                            "self": "false",
                            "to_port": "0",
                            "type": "egress"
                        },
                        "meta": {
                            "schema_version": "2"
                        },
                        "tainted": false
                    },
                    "deposed": [],
                    "provider": "module.alb.provider.aws"
                }
            },
            "depends_on": []
        },
        {
            "path": [
                "root",
                "ec2"
            ],
            "outputs": {
                "instance1_id": {
                    "sensitive": false,
                    "type": "string",
                    "value": "i-0b008901c150918a1"
                },
                "instance2_id": {
                    "sensitive": false,
                    "type": "string",
                    "value": "i-09b5996eb019c0bb7"
                },
                "server_ip": {
                    "sensitive": false,
                    "type": "string",
                    "value": "52.33.98.204,54.186.32.67"
                }
            },
            "resources": {
                "aws_instance.my-test-instance.0": {
                    "type": "aws_instance",
                    "depends_on": [
                        "aws_key_pair.mytest-key",
                        "data.aws_ami.centos",
                        "data.template_file.init"
                    ],
                    "primary": {
                        "id": "i-09b5996eb019c0bb7",
                        "attributes": {
                            "ami": "ami-0bc06212a56393ee1",
                            "arn": "arn:aws:ec2:us-west-2:137959540993:instance/i-09b5996eb019c0bb7",
                            "associate_public_ip_address": "true",
                            "availability_zone": "us-west-2a",
                            "cpu_core_count": "1",
                            "cpu_threads_per_core": "1",
                            "credit_specification.#": "1",
                            "credit_specification.0.cpu_credits": "standard",
                            "disable_api_termination": "false",
                            "ebs_block_device.#": "0",
                            "ebs_optimized": "false",
                            "ephemeral_block_device.#": "0",
                            "get_password_data": "false",
                            "hibernation": "false",
                            "iam_instance_profile": "",
                            "id": "i-09b5996eb019c0bb7",
                            "instance_state": "running",
                            "instance_type": "t2.micro",
                            "ipv6_address_count": "0",
                            "ipv6_addresses.#": "0",
                            "key_name": "my-test-terraform-key-new1",
                            "metadata_options.#": "1",
                            "metadata_options.0.http_endpoint": "enabled",
                            "metadata_options.0.http_put_response_hop_limit": "1",
                            "metadata_options.0.http_tokens": "optional",
                            "monitoring": "false",
                            "network_interface.#": "0",
                            "outpost_arn": "",
                            "password_data": "",
                            "placement_group": "",
                            "primary_network_interface_id": "eni-0b75ef9c446feb505",
                            "private_dns": "ip-10-0-1-18.us-west-2.compute.internal",
                            "private_ip": "10.0.1.18",
                            "public_dns": "ec2-52-33-98-204.us-west-2.compute.amazonaws.com",
                            "public_ip": "52.33.98.204",
                            "root_block_device.#": "1",
                            "root_block_device.0.delete_on_termination": "false",
                            "root_block_device.0.device_name": "/dev/sda1",
                            "root_block_device.0.encrypted": "false",
                            "root_block_device.0.iops": "100",
                            "root_block_device.0.kms_key_id": "",
                            "root_block_device.0.volume_id": "vol-08637b5c49fa04632",
                            "root_block_device.0.volume_size": "8",
                            "root_block_device.0.volume_type": "gp2",
                            "security_groups.#": "0",
                            "source_dest_check": "true",
                            "subnet_id": "subnet-01c0fb63d7bead1e4",
                            "tags.%": "1",
                            "tags.Name": "my-instance-1",
                            "tenancy": "default",
                            "user_data": "8c061111d77ed3ba1667391431e09189a3dcbf53",
                            "volume_tags.%": "0",
                            "vpc_security_group_ids.#": "1",
                            "vpc_security_group_ids.1014778126": "sg-02cbf5c0fc513cb18"
                        },
                        "meta": {
                            "e2bfb730-ecaa-11e6-8f88-34363bc7c4c0": {
                                "create": 600000000000,
                                "delete": 1200000000000,
                                "update": 600000000000
                            },
                            "schema_version": "1"
                        },
                        "tainted": false
                    },
                    "deposed": [],
                    "provider": "module.ec2.provider.aws"
                },
                "aws_instance.my-test-instance.1": {
                    "type": "aws_instance",
                    "depends_on": [
                        "aws_key_pair.mytest-key",
                        "data.aws_ami.centos",
                        "data.template_file.init"
                    ],
                    "primary": {
                        "id": "i-0b008901c150918a1",
                        "attributes": {
                            "ami": "ami-0bc06212a56393ee1",
                            "arn": "arn:aws:ec2:us-west-2:137959540993:instance/i-0b008901c150918a1",
                            "associate_public_ip_address": "true",
                            "availability_zone": "us-west-2b",
                            "cpu_core_count": "1",
                            "cpu_threads_per_core": "1",
                            "credit_specification.#": "1",
                            "credit_specification.0.cpu_credits": "standard",
                            "disable_api_termination": "false",
                            "ebs_block_device.#": "0",
                            "ebs_optimized": "false",
                            "ephemeral_block_device.#": "0",
                            "get_password_data": "false",
                            "hibernation": "false",
                            "iam_instance_profile": "",
                            "id": "i-0b008901c150918a1",
                            "instance_state": "running",
                            "instance_type": "t2.micro",
                            "ipv6_address_count": "0",
                            "ipv6_addresses.#": "0",
                            "key_name": "my-test-terraform-key-new1",
                            "metadata_options.#": "1",
                            "metadata_options.0.http_endpoint": "enabled",
                            "metadata_options.0.http_put_response_hop_limit": "1",
                            "metadata_options.0.http_tokens": "optional",
                            "monitoring": "false",
                            "network_interface.#": "0",
                            "outpost_arn": "",
                            "password_data": "",
                            "placement_group": "",
                            "primary_network_interface_id": "eni-0fb7e5f171594d7b7",
                            "private_dns": "ip-10-0-2-158.us-west-2.compute.internal",
                            "private_ip": "10.0.2.158",
                            "public_dns": "ec2-54-186-32-67.us-west-2.compute.amazonaws.com",
                            "public_ip": "54.186.32.67",
                            "root_block_device.#": "1",
                            "root_block_device.0.delete_on_termination": "false",
                            "root_block_device.0.device_name": "/dev/sda1",
                            "root_block_device.0.encrypted": "false",
                            "root_block_device.0.iops": "100",
                            "root_block_device.0.kms_key_id": "",
                            "root_block_device.0.volume_id": "vol-06869ba98a8316bbc",
                            "root_block_device.0.volume_size": "8",
                            "root_block_device.0.volume_type": "gp2",
                            "security_groups.#": "0",
                            "source_dest_check": "true",
                            "subnet_id": "subnet-0dea9d3cf875f9bf7",
                            "tags.%": "1",
                            "tags.Name": "my-instance-2",
                            "tenancy": "default",
                            "user_data": "8c061111d77ed3ba1667391431e09189a3dcbf53",
                            "volume_tags.%": "0",
                            "vpc_security_group_ids.#": "1",
                            "vpc_security_group_ids.1014778126": "sg-02cbf5c0fc513cb18"
                        },
                        "meta": {
                            "e2bfb730-ecaa-11e6-8f88-34363bc7c4c0": {
                                "create": 600000000000,
                                "delete": 1200000000000,
                                "update": 600000000000
                            },
                            "schema_version": "1"
                        },
                        "tainted": false
                    },
                    "deposed": [],
                    "provider": "module.ec2.provider.aws"
                },
                "aws_key_pair.mytest-key": {
                    "type": "aws_key_pair",
                    "depends_on": [],
                    "primary": {
                        "id": "my-test-terraform-key-new1",
                        "attributes": {
                            "arn": "arn:aws:ec2:us-west-2:137959540993:key-pair/my-test-terraform-key-new1",
                            "fingerprint": "e9:fb:04:7e:06:8f:32:26:44:a3:c1:53:0f:12:eb:30",
                            "id": "my-test-terraform-key-new1",
                            "key_name": "my-test-terraform-key-new1",
                            "key_pair_id": "key-091ed3686f22faca5",
                            "public_key": "ssh-rsa AAAAB3NzaC1yc2EAAAADAQABAAABAQC8lcUEAoGvqHD9qaMn3M5/p3vWlAibH8oHU48KsQuFavqq7dvUHyEFo3JvSOtUIPaB3vwqvL0fjj6cJNf22xfjQhGHnFAB+THanXN2WFQlMnMwPAuxhLvVG8e2bQA/fSpSAC7oHHbbzCC3HawEDyCTixaLYZIUBwOh4NkrbySbjYot6+dzuhsM6qpXoTWsndnRHhhYOdPqiy2aah3STR+gh+OzjELLW+7sqwrFRYhyCRb3QM62xJ3NKmFL16el7FcOyabGPDUgJY+76jkXx9ffKuKHyBlXYtuxnZs7ew1um+PwlUnR8oEbphgdzgUsTH3hhg8faZxU48JM2sch4XHV davron1989@bastion-fuchicorp-com",
                            "tags.%": "0"
                        },
                        "meta": {
                            "schema_version": "1"
                        },
                        "tainted": false
                    },
                    "deposed": [],
                    "provider": "module.ec2.provider.aws"
                },
                "aws_security_group.examplesg": {
                    "type": "aws_security_group",
                    "depends_on": [],
                    "primary": {
                        "id": "sg-0be640f8f56093903",
                        "attributes": {
                            "arn": "arn:aws:ec2:us-west-2:137959540993:security-group/sg-0be640f8f56093903",
                            "description": "Allow TLS inbound traffic",
                            "egress.#": "1",
                            "egress.482069346.cidr_blocks.#": "1",
                            "egress.482069346.cidr_blocks.0": "0.0.0.0/0",
                            "egress.482069346.description": "",
                            "egress.482069346.from_port": "0",
                            "egress.482069346.ipv6_cidr_blocks.#": "0",
                            "egress.482069346.prefix_list_ids.#": "0",
                            "egress.482069346.protocol": "-1",
                            "egress.482069346.security_groups.#": "0",
                            "egress.482069346.self": "false",
                            "egress.482069346.to_port": "0",
                            "id": "sg-0be640f8f56093903",
                            "ingress.#": "1",
                            "ingress.2541437006.cidr_blocks.#": "1",
                            "ingress.2541437006.cidr_blocks.0": "0.0.0.0/0",
                            "ingress.2541437006.description": "",
                            "ingress.2541437006.from_port": "22",
                            "ingress.2541437006.ipv6_cidr_blocks.#": "0",
                            "ingress.2541437006.prefix_list_ids.#": "0",
                            "ingress.2541437006.protocol": "tcp",
                            "ingress.2541437006.security_groups.#": "0",
                            "ingress.2541437006.self": "false",
                            "ingress.2541437006.to_port": "22",
                            "name": "allow_tls",
                            "owner_id": "137959540993",
                            "revoke_rules_on_delete": "false",
                            "tags.%": "0",
                            "vpc_id": "vpc-0b9fda3edfb86443d"
                        },
                        "meta": {
                            "e2bfb730-ecaa-11e6-8f88-34363bc7c4c0": {
                                "create": 600000000000,
                                "delete": 600000000000
                            },
                            "schema_version": "1"
                        },
                        "tainted": false
                    },
                    "deposed": [],
                    "provider": "module.ec2.provider.aws"
                },
                "data.aws_ami.centos": {
                    "type": "aws_ami",
                    "depends_on": [],
                    "primary": {
                        "id": "ami-0bc06212a56393ee1",
                        "attributes": {
                            "architecture": "x86_64",
                            "arn": "arn:aws:ec2:us-west-2::image/ami-0bc06212a56393ee1",
                            "block_device_mappings.#": "1",
                            "block_device_mappings.1270490221.device_name": "/dev/sda1",
                            "block_device_mappings.1270490221.ebs.%": "6",
                            "block_device_mappings.1270490221.ebs.delete_on_termination": "false",
                            "block_device_mappings.1270490221.ebs.encrypted": "false",
                            "block_device_mappings.1270490221.ebs.iops": "0",
                            "block_device_mappings.1270490221.ebs.snapshot_id": "snap-0d5ff467ebf3fd351",
                            "block_device_mappings.1270490221.ebs.volume_size": "8",
                            "block_device_mappings.1270490221.ebs.volume_type": "gp2",
                            "block_device_mappings.1270490221.no_device": "",
                            "block_device_mappings.1270490221.virtual_name": "",
                            "creation_date": "2020-03-09T21:54:48.000Z",
                            "description": "CentOS Linux 7 x86_64 HVM EBS ENA 2002_01",
                            "filter.#": "3",
                            "filter.1281954306.name": "root-device-type",
                            "filter.1281954306.values.#": "1",
                            "filter.1281954306.values.0": "ebs",
                            "filter.3159887878.name": "name",
                            "filter.3159887878.values.#": "1",
                            "filter.3159887878.values.0": "CentOS Linux 7 x86_64 HVM EBS *",
                            "filter.3386043752.name": "architecture",
                            "filter.3386043752.values.#": "1",
                            "filter.3386043752.values.0": "x86_64",
                            "hypervisor": "xen",
                            "id": "ami-0bc06212a56393ee1",
                            "image_id": "ami-0bc06212a56393ee1",
                            "image_location": "aws-marketplace/CentOS Linux 7 x86_64 HVM EBS ENA 2002_01-b7ee8a69-ee97-4a49-9e68-afaee216db2e-ami-0042af67f8e4dcc20.4",
                            "image_owner_alias": "aws-marketplace",
                            "image_type": "machine",
                            "most_recent": "true",
                            "name": "CentOS Linux 7 x86_64 HVM EBS ENA 2002_01-b7ee8a69-ee97-4a49-9e68-afaee216db2e-ami-0042af67f8e4dcc20.4",
                            "owner_id": "679593333241",
                            "owners.#": "1",
                            "owners.0": "679593333241",
                            "product_codes.#": "1",
                            "product_codes.347650389.product_code_id": "aw0evgkw8e5c1q413zgy5pjce",
                            "product_codes.347650389.product_code_type": "marketplace",
                            "public": "true",
                            "root_device_name": "/dev/sda1",
                            "root_device_type": "ebs",
                            "root_snapshot_id": "snap-0d5ff467ebf3fd351",
                            "sriov_net_support": "simple",
                            "state": "available",
                            "state_reason.%": "2",
                            "state_reason.code": "UNSET",
                            "state_reason.message": "UNSET",
                            "tags.%": "0",
                            "virtualization_type": "hvm"
                        },
                        "meta": {},
                        "tainted": false
                    },
                    "deposed": [],
                    "provider": "module.ec2.provider.aws"
                },
                "data.aws_availability_zones.available": {
                    "type": "aws_availability_zones",
                    "depends_on": [],
                    "primary": {
                        "id": "2020-10-25 17:52:10.405881845 +0000 UTC",
                        "attributes": {
                            "group_names.#": "1",
                            "group_names.528489283": "us-west-2",
                            "id": "2020-10-25 17:52:10.405881845 +0000 UTC",
                            "names.#": "4",
                            "names.0": "us-west-2a",
                            "names.1": "us-west-2b",
                            "names.2": "us-west-2c",
                            "names.3": "us-west-2d",
                            "zone_ids.#": "4",
                            "zone_ids.0": "usw2-az2",
                            "zone_ids.1": "usw2-az1",
                            "zone_ids.2": "usw2-az3",
                            "zone_ids.3": "usw2-az4"
                        },
                        "meta": {},
                        "tainted": false
                    },
                    "deposed": [],
                    "provider": "module.ec2.provider.aws"
                },
                "data.template_file.init": {
                    "type": "template_file",
                    "depends_on": [],
                    "primary": {
                        "id": "6a3baeb86966b0ac61d00f2bbfdaa3abc9b729936425b1b125b0899e88e4aa1d",
                        "attributes": {
                            "id": "6a3baeb86966b0ac61d00f2bbfdaa3abc9b729936425b1b125b0899e88e4aa1d",
                            "rendered": "#!/bin/bash\nyum -y install httpd\necho \"this is coming from terraform\" \u003e\u003e /var/www/html/index.html\nservice httpd start\nchkconfig httpd on",
                            "template": "#!/bin/bash\nyum -y install httpd\necho \"this is coming from terraform\" \u003e\u003e /var/www/html/index.html\nservice httpd start\nchkconfig httpd on"
                        },
                        "meta": {},
                        "tainted": false
                    },
                    "deposed": [],
                    "provider": "provider.template"
                }
            },
            "depends_on": []
        },
        {
            "path": [
                "root",
                "vpc"
            ],
            "outputs": {
                "private_subnet1": {
                    "sensitive": false,
                    "type": "string",
                    "value": "subnet-0e69a303799ff1a11"
                },
                "private_subnet2": {
                    "sensitive": false,
                    "type": "string",
                    "value": "subnet-052e8d21aca4f3b87"
                },
                "public_subnets": {
                    "sensitive": false,
                    "type": "list",
                    "value": [
                        "subnet-01c0fb63d7bead1e4",
                        "subnet-0dea9d3cf875f9bf7"
                    ]
                },
                "security_group": {
                    "sensitive": false,
                    "type": "string",
                    "value": "sg-02cbf5c0fc513cb18"
                },
                "subnet1": {
                    "sensitive": false,
                    "type": "string",
                    "value": "subnet-0dea9d3cf875f9bf7"
                },
                "subnet2": {
                    "sensitive": false,
                    "type": "string",
                    "value": "subnet-01c0fb63d7bead1e4"
                },
                "vpc_id": {
                    "sensitive": false,
                    "type": "string",
                    "value": "vpc-0e55b9514acbdeedf"
                }
            },
            "resources": {
                "aws_default_route_table.private_route": {
                    "type": "aws_default_route_table",
                    "depends_on": [
                        "aws_vpc.main"
                    ],
                    "primary": {
                        "id": "rtb-0c4cedeee6341efea",
                        "attributes": {
                            "default_route_table_id": "rtb-0c4cedeee6341efea",
                            "id": "rtb-0c4cedeee6341efea",
                            "owner_id": "137959540993",
                            "propagating_vgws.#": "0",
                            "route.#": "0",
                            "tags.%": "1",
                            "tags.Name": "my-private-route-table",
                            "vpc_id": "vpc-0e55b9514acbdeedf"
                        },
                        "meta": {},
                        "tainted": false
                    },
                    "deposed": [],
                    "provider": "module.vpc.provider.aws"
                },
                "aws_internet_gateway.gw": {
                    "type": "aws_internet_gateway",
                    "depends_on": [
                        "aws_vpc.main"
                    ],
                    "primary": {
                        "id": "igw-06d22295ca75c3f40",
                        "attributes": {
                            "arn": "arn:aws:ec2:us-west-2:137959540993:internet-gateway/igw-06d22295ca75c3f40",
                            "id": "igw-06d22295ca75c3f40",
                            "owner_id": "137959540993",
                            "tags.%": "1",
                            "tags.Name": "test-igw",
                            "vpc_id": "vpc-0e55b9514acbdeedf"
                        },
                        "meta": {},
                        "tainted": false
                    },
                    "deposed": [],
                    "provider": "module.vpc.provider.aws"
                },
                "aws_route_table.public_route": {
                    "type": "aws_route_table",
                    "depends_on": [
                        "aws_internet_gateway.gw",
                        "aws_vpc.main"
                    ],
                    "primary": {
                        "id": "rtb-0484d7fadccaf2bd9",
                        "attributes": {
                            "id": "rtb-0484d7fadccaf2bd9",
                            "owner_id": "137959540993",
                            "propagating_vgws.#": "0",
                            "route.#": "1",
                            "route.698241189.cidr_block": "0.0.0.0/0",
                            "route.698241189.egress_only_gateway_id": "",
                            "route.698241189.gateway_id": "igw-06d22295ca75c3f40",
                            "route.698241189.instance_id": "",
                            "route.698241189.ipv6_cidr_block": "",
                            "route.698241189.nat_gateway_id": "",
                            "route.698241189.network_interface_id": "",
                            "route.698241189.transit_gateway_id": "",
                            "route.698241189.vpc_peering_connection_id": "",
                            "tags.%": "1",
                            "tags.Name": "test-public-RT",
                            "vpc_id": "vpc-0e55b9514acbdeedf"
                        },
                        "meta": {},
                        "tainted": false
                    },
                    "deposed": [],
                    "provider": "module.vpc.provider.aws"
                },
                "aws_route_table_association.private_subnet_assoc.0": {
                    "type": "aws_route_table_association",
                    "depends_on": [
                        "aws_default_route_table.private_route",
                        "aws_subnet.private_subnet",
                        "aws_subnet.private_subnet.*"
                    ],
                    "primary": {
                        "id": "rtbassoc-09f982448ab531129",
                        "attributes": {
                            "id": "rtbassoc-09f982448ab531129",
                            "route_table_id": "rtb-0c4cedeee6341efea",
                            "subnet_id": "subnet-052e8d21aca4f3b87"
                        },
                        "meta": {},
                        "tainted": false
                    },
                    "deposed": [],
                    "provider": "module.vpc.provider.aws"
                },
                "aws_route_table_association.private_subnet_assoc.1": {
                    "type": "aws_route_table_association",
                    "depends_on": [
                        "aws_default_route_table.private_route",
                        "aws_subnet.private_subnet",
                        "aws_subnet.private_subnet.*"
                    ],
                    "primary": {
                        "id": "rtbassoc-07182c219c164de52",
                        "attributes": {
                            "id": "rtbassoc-07182c219c164de52",
                            "route_table_id": "rtb-0c4cedeee6341efea",
                            "subnet_id": "subnet-0e69a303799ff1a11"
                        },
                        "meta": {},
                        "tainted": false
                    },
                    "deposed": [],
                    "provider": "module.vpc.provider.aws"
                },
                "aws_route_table_association.public_subnet_assoc.0": {
                    "type": "aws_route_table_association",
                    "depends_on": [
                        "aws_route_table.public_route",
                        "aws_subnet.public_subnet",
                        "aws_subnet.public_subnet.*"
                    ],
                    "primary": {
                        "id": "rtbassoc-01067cac5d4c4330d",
                        "attributes": {
                            "id": "rtbassoc-01067cac5d4c4330d",
                            "route_table_id": "rtb-0484d7fadccaf2bd9",
                            "subnet_id": "subnet-01c0fb63d7bead1e4"
                        },
                        "meta": {},
                        "tainted": false
                    },
                    "deposed": [],
                    "provider": "module.vpc.provider.aws"
                },
                "aws_route_table_association.public_subnet_assoc.1": {
                    "type": "aws_route_table_association",
                    "depends_on": [
                        "aws_route_table.public_route",
                        "aws_subnet.public_subnet",
                        "aws_subnet.public_subnet.*"
                    ],
                    "primary": {
                        "id": "rtbassoc-03304baf9f0d21110",
                        "attributes": {
                            "id": "rtbassoc-03304baf9f0d21110",
                            "route_table_id": "rtb-0484d7fadccaf2bd9",
                            "subnet_id": "subnet-0dea9d3cf875f9bf7"
                        },
                        "meta": {},
                        "tainted": false
                    },
                    "deposed": [],
                    "provider": "module.vpc.provider.aws"
                },
                "aws_security_group.test_sg": {
                    "type": "aws_security_group",
                    "depends_on": [
                        "aws_vpc.main"
                    ],
                    "primary": {
                        "id": "sg-02cbf5c0fc513cb18",
                        "attributes": {
                            "arn": "arn:aws:ec2:us-west-2:137959540993:security-group/sg-02cbf5c0fc513cb18",
                            "description": "Managed by Terraform",
                            "egress.#": "0",
                            "id": "sg-02cbf5c0fc513cb18",
                            "ingress.#": "0",
                            "name": "my-test-sg",
                            "owner_id": "137959540993",
                            "revoke_rules_on_delete": "false",
                            "tags.%": "0",
                            "vpc_id": "vpc-0e55b9514acbdeedf"
                        },
                        "meta": {
                            "e2bfb730-ecaa-11e6-8f88-34363bc7c4c0": {
                                "create": 600000000000,
                                "delete": 600000000000
                            },
                            "schema_version": "1"
                        },
                        "tainted": false
                    },
                    "deposed": [],
                    "provider": "module.vpc.provider.aws"
                },
                "aws_security_group_rule.http_inbound_access": {
                    "type": "aws_security_group_rule",
                    "depends_on": [
                        "aws_security_group.test_sg"
                    ],
                    "primary": {
                        "id": "sgrule-2512920457",
                        "attributes": {
                            "cidr_blocks.#": "1",
                            "cidr_blocks.0": "0.0.0.0/0",
                            "from_port": "80",
                            "id": "sgrule-2512920457",
                            "protocol": "tcp",
                            "security_group_id": "sg-02cbf5c0fc513cb18",
                            "self": "false",
                            "to_port": "80",
                            "type": "ingress"
                        },
                        "meta": {
                            "schema_version": "2"
                        },
                        "tainted": false
                    },
                    "deposed": [],
                    "provider": "module.vpc.provider.aws"
                },
                "aws_security_group_rule.ssh_inbound_access": {
                    "type": "aws_security_group_rule",
                    "depends_on": [
                        "aws_security_group.test_sg"
                    ],
                    "primary": {
                        "id": "sgrule-591544892",
                        "attributes": {
                            "cidr_blocks.#": "1",
                            "cidr_blocks.0": "0.0.0.0/0",
                            "from_port": "22",
                            "id": "sgrule-591544892",
                            "protocol": "tcp",
                            "security_group_id": "sg-02cbf5c0fc513cb18",
                            "self": "false",
                            "to_port": "22",
                            "type": "ingress"
                        },
                        "meta": {
                            "schema_version": "2"
                        },
                        "tainted": false
                    },
                    "deposed": [],
                    "provider": "module.vpc.provider.aws"
                },
                "aws_subnet.private_subnet.0": {
                    "type": "aws_subnet",
                    "depends_on": [
                        "aws_vpc.main",
                        "data.aws_availability_zones.available"
                    ],
                    "primary": {
                        "id": "subnet-052e8d21aca4f3b87",
                        "attributes": {
                            "arn": "arn:aws:ec2:us-west-2:137959540993:subnet/subnet-052e8d21aca4f3b87",
                            "assign_ipv6_address_on_creation": "false",
                            "availability_zone": "us-west-2a",
                            "availability_zone_id": "usw2-az2",
                            "cidr_block": "10.0.3.0/24",
                            "id": "subnet-052e8d21aca4f3b87",
                            "ipv6_cidr_block": "",
                            "ipv6_cidr_block_association_id": "",
                            "map_public_ip_on_launch": "false",
                            "outpost_arn": "",
                            "owner_id": "137959540993",
                            "tags.%": "1",
                            "tags.Name": "my-test-private-subnet.1",
                            "vpc_id": "vpc-0e55b9514acbdeedf"
                        },
                        "meta": {
                            "e2bfb730-ecaa-11e6-8f88-34363bc7c4c0": {
                                "create": 600000000000,
                                "delete": 1200000000000
                            },
                            "schema_version": "1"
                        },
                        "tainted": false
                    },
                    "deposed": [],
                    "provider": "module.vpc.provider.aws"
                },
                "aws_subnet.private_subnet.1": {
                    "type": "aws_subnet",
                    "depends_on": [
                        "aws_vpc.main",
                        "data.aws_availability_zones.available"
                    ],
                    "primary": {
                        "id": "subnet-0e69a303799ff1a11",
                        "attributes": {
                            "arn": "arn:aws:ec2:us-west-2:137959540993:subnet/subnet-0e69a303799ff1a11",
                            "assign_ipv6_address_on_creation": "false",
                            "availability_zone": "us-west-2b",
                            "availability_zone_id": "usw2-az1",
                            "cidr_block": "10.0.4.0/24",
                            "id": "subnet-0e69a303799ff1a11",
                            "ipv6_cidr_block": "",
                            "ipv6_cidr_block_association_id": "",
                            "map_public_ip_on_launch": "false",
                            "outpost_arn": "",
                            "owner_id": "137959540993",
                            "tags.%": "1",
                            "tags.Name": "my-test-private-subnet.2",
                            "vpc_id": "vpc-0e55b9514acbdeedf"
                        },
                        "meta": {
                            "e2bfb730-ecaa-11e6-8f88-34363bc7c4c0": {
                                "create": 600000000000,
                                "delete": 1200000000000
                            },
                            "schema_version": "1"
                        },
                        "tainted": false
                    },
                    "deposed": [],
                    "provider": "module.vpc.provider.aws"
                },
                "aws_subnet.public_subnet.0": {
                    "type": "aws_subnet",
                    "depends_on": [
                        "aws_vpc.main",
                        "data.aws_availability_zones.available"
                    ],
                    "primary": {
                        "id": "subnet-01c0fb63d7bead1e4",
                        "attributes": {
                            "arn": "arn:aws:ec2:us-west-2:137959540993:subnet/subnet-01c0fb63d7bead1e4",
                            "assign_ipv6_address_on_creation": "false",
                            "availability_zone": "us-west-2a",
                            "availability_zone_id": "usw2-az2",
                            "cidr_block": "10.0.1.0/24",
                            "id": "subnet-01c0fb63d7bead1e4",
                            "ipv6_cidr_block": "",
                            "ipv6_cidr_block_association_id": "",
                            "map_public_ip_on_launch": "true",
                            "outpost_arn": "",
                            "owner_id": "137959540993",
                            "tags.%": "1",
                            "tags.Name": "my-test-public-subnet.1",
                            "vpc_id": "vpc-0e55b9514acbdeedf"
                        },
                        "meta": {
                            "e2bfb730-ecaa-11e6-8f88-34363bc7c4c0": {
                                "create": 600000000000,
                                "delete": 1200000000000
                            },
                            "schema_version": "1"
                        },
                        "tainted": false
                    },
                    "deposed": [],
                    "provider": "module.vpc.provider.aws"
                },
                "aws_subnet.public_subnet.1": {
                    "type": "aws_subnet",
                    "depends_on": [
                        "aws_vpc.main",
                        "data.aws_availability_zones.available"
                    ],
                    "primary": {
                        "id": "subnet-0dea9d3cf875f9bf7",
                        "attributes": {
                            "arn": "arn:aws:ec2:us-west-2:137959540993:subnet/subnet-0dea9d3cf875f9bf7",
                            "assign_ipv6_address_on_creation": "false",
                            "availability_zone": "us-west-2b",
                            "availability_zone_id": "usw2-az1",
                            "cidr_block": "10.0.2.0/24",
                            "id": "subnet-0dea9d3cf875f9bf7",
                            "ipv6_cidr_block": "",
                            "ipv6_cidr_block_association_id": "",
                            "map_public_ip_on_launch": "true",
                            "outpost_arn": "",
                            "owner_id": "137959540993",
                            "tags.%": "1",
                            "tags.Name": "my-test-public-subnet.2",
                            "vpc_id": "vpc-0e55b9514acbdeedf"
                        },
                        "meta": {
                            "e2bfb730-ecaa-11e6-8f88-34363bc7c4c0": {
                                "create": 600000000000,
                                "delete": 1200000000000
                            },
                            "schema_version": "1"
                        },
                        "tainted": false
                    },
                    "deposed": [],
                    "provider": "module.vpc.provider.aws"
                },
                "aws_vpc.main": {
                    "type": "aws_vpc",
                    "depends_on": [],
                    "primary": {
                        "id": "vpc-0e55b9514acbdeedf",
                        "attributes": {
                            "arn": "arn:aws:ec2:us-west-2:137959540993:vpc/vpc-0e55b9514acbdeedf",
                            "assign_generated_ipv6_cidr_block": "false",
                            "cidr_block": "10.0.0.0/16",
                            "default_network_acl_id": "acl-012061b1aeb40d8da",
                            "default_route_table_id": "rtb-0c4cedeee6341efea",
                            "default_security_group_id": "sg-0c4b3dc3aad32a1b3",
                            "dhcp_options_id": "dopt-707fe008",
                            "enable_classiclink": "false",
                            "enable_classiclink_dns_support": "false",
                            "enable_dns_hostnames": "true",
                            "enable_dns_support": "true",
                            "id": "vpc-0e55b9514acbdeedf",
                            "instance_tenancy": "default",
                            "ipv6_association_id": "",
                            "ipv6_cidr_block": "",
                            "main_route_table_id": "rtb-0c4cedeee6341efea",
                            "owner_id": "137959540993",
                            "tags.%": "1",
                            "tags.Name": "test-VPC-terraform"
                        },
                        "meta": {
                            "schema_version": "1"
                        },
                        "tainted": false
                    },
                    "deposed": [],
                    "provider": "module.vpc.provider.aws"
                },
                "data.aws_availability_zones.available": {
                    "type": "aws_availability_zones",
                    "depends_on": [],
                    "primary": {
                        "id": "2020-10-25 17:52:10.400183538 +0000 UTC",
                        "attributes": {
                            "group_names.#": "1",
                            "group_names.528489283": "us-west-2",
                            "id": "2020-10-25 17:52:10.400183538 +0000 UTC",
                            "names.#": "4",
                            "names.0": "us-west-2a",
                            "names.1": "us-west-2b",
                            "names.2": "us-west-2c",
                            "names.3": "us-west-2d",
                            "zone_ids.#": "4",
                            "zone_ids.0": "usw2-az2",
                            "zone_ids.1": "usw2-az1",
                            "zone_ids.2": "usw2-az3",
                            "zone_ids.3": "usw2-az4"
                        },
                        "meta": {},
                        "tainted": false
                    },
                    "deposed": [],
                    "provider": "module.vpc.provider.aws"
                }
            },
            "depends_on": []
        }
    ]
}
